
Microsoft Visual Studio Solution File, Format Version 12.00
# Visual Studio Version 16
VisualStudioVersion = 16.0.31005.135
MinimumVisualStudioVersion = 10.0.40219.1
Project("{FAE04EC0-301F-11D3-BF4B-00C04F79EFBC}") = "TryCatchGame", "TryCatchGame.csproj", "{EADC561E-5673-42DE-8912-3F2F9A2C276F}"
EndProject
Global
	GlobalSection(SolutionConfigurationPlatforms) = preSolution
		Debug|Any CPU = Debug|Any CPU
		Release|Any CPU = Release|Any CPU
	EndGlobalSection
	GlobalSection(ProjectConfigurationPlatforms) = postSolution
		{EADC561E-5673-42DE-8912-3F2F9A2C276F}.Debug|Any CPU.ActiveCfg = Debug|Any CPU
		{EADC561E-5673-42DE-8912-3F2F9A2C276F}.Debug|Any CPU.Build.0 = Debug|Any CPU
		{EADC561E-5673-42DE-8912-3F2F9A2C276F}.Release|Any CPU.ActiveCfg = Release|Any CPU
		{EADC561E-5673-42DE-8912-3F2F9A2C276F}.Release|Any CPU.Build.0 = Release|Any CPU
	EndGlobalSection
	GlobalSection(SolutionProperties) = preSolution
		HideSolutionNode = FALSE
	EndGlobalSection
	GlobalSection(ExtensibilityGlobals) = postSolution
		SolutionGuid = {537807A8-0432-454B-8E7F-6ED4F75CB1C6}
	EndGlobalSection
EndGlobal
